
Microsoft Visual Studio Solution File, Format Version 12.00
# Visual Studio Version 17
VisualStudioVersion = 17.2.32516.85
MinimumVisualStudioVersion = 10.0.40219.1
Project("{FAE04EC0-301F-11D3-BF4B-00C04F79EFBC}") = "JokeWebApp", "JokeWebApp.csproj", "{967F9D96-1AEA-4BD4-AEBC-C3068208B09F}"
EndProject
Global
	GlobalSection(SolutionConfigurationPlatforms) = preSolution
		Debug|Any CPU = Debug|Any CPU
		Release|Any CPU = Release|Any CPU
	EndGlobalSection
	GlobalSection(ProjectConfigurationPlatforms) = postSolution
		{967F9D96-1AEA-4BD4-AEBC-C3068208B09F}.Debug|Any CPU.ActiveCfg = Debug|Any CPU
		{967F9D96-1AEA-4BD4-AEBC-C3068208B09F}.Debug|Any CPU.Build.0 = Debug|Any CPU
		{967F9D96-1AEA-4BD4-AEBC-C3068208B09F}.Release|Any CPU.ActiveCfg = Release|Any CPU
		{967F9D96-1AEA-4BD4-AEBC-C3068208B09F}.Release|Any CPU.Build.0 = Release|Any CPU
	EndGlobalSection
	GlobalSection(SolutionProperties) = preSolution
		HideSolutionNode = FALSE
	EndGlobalSection
	GlobalSection(ExtensibilityGlobals) = postSolution
		SolutionGuid = {7BA8593A-C88C-4C94-BFF7-A6EC298554E8}
	EndGlobalSection
EndGlobal
